
Microsoft Visual Studio Solution File, Format Version 12.00
# Visual Studio 15
Project("{FAE04EC0-301F-11D3-BF4B-00C04F79EFBC}") = "Assembly-CSharp-firstpass", "Assembly-CSharp-firstpass.csproj", "{B05CF317-6B25-641E-3C90-611B7C848E22}"
EndProject
Project("{FAE04EC0-301F-11D3-BF4B-00C04F79EFBC}") = "Assembly-CSharp", "Assembly-CSharp.csproj", "{E0334F48-D3D3-B95B-1165-282EAFCF04C8}"
EndProject
Project("{FAE04EC0-301F-11D3-BF4B-00C04F79EFBC}") = "Unity.2D.Animation.Samples.Runtime", "Unity.2D.Animation.Samples.Runtime.csproj", "{3766A60E-A6A7-6122-950F-CC2604F90909}"
EndProject
Project("{FAE04EC0-301F-11D3-BF4B-00C04F79EFBC}") = "Unity.2D.Animation.Samples.Dependency", "Unity.2D.Animation.Samples.Dependency.csproj", "{B82A42EC-92DB-FE2B-EBCE-8AA3D368B72C}"
EndProject
Project("{FAE04EC0-301F-11D3-BF4B-00C04F79EFBC}") = "Unity.2D.Animation.Samples.Editor", "Unity.2D.Animation.Samples.Editor.csproj", "{9B869BBC-1D98-840C-E55D-7670875DEDC1}"
EndProject
Global
	GlobalSection(SolutionConfigurationPlatforms) = preSolution
		Debug|Any CPU = Debug|Any CPU
		Release|Any CPU = Release|Any CPU
	EndGlobalSection
	GlobalSection(ProjectConfigurationPlatforms) = postSolution
		{B05CF317-6B25-641E-3C90-611B7C848E22}.Debug|Any CPU.ActiveCfg = Debug|Any CPU
		{B05CF317-6B25-641E-3C90-611B7C848E22}.Debug|Any CPU.Build.0 = Debug|Any CPU
		{B05CF317-6B25-641E-3C90-611B7C848E22}.Release|Any CPU.ActiveCfg = Release|Any CPU
		{B05CF317-6B25-641E-3C90-611B7C848E22}.Release|Any CPU.Build.0 = Release|Any CPU
		{E0334F48-D3D3-B95B-1165-282EAFCF04C8}.Debug|Any CPU.ActiveCfg = Debug|Any CPU
		{E0334F48-D3D3-B95B-1165-282EAFCF04C8}.Debug|Any CPU.Build.0 = Debug|Any CPU
		{E0334F48-D3D3-B95B-1165-282EAFCF04C8}.Release|Any CPU.ActiveCfg = Release|Any CPU
		{E0334F48-D3D3-B95B-1165-282EAFCF04C8}.Release|Any CPU.Build.0 = Release|Any CPU
		{3766A60E-A6A7-6122-950F-CC2604F90909}.Debug|Any CPU.ActiveCfg = Debug|Any CPU
		{3766A60E-A6A7-6122-950F-CC2604F90909}.Debug|Any CPU.Build.0 = Debug|Any CPU
		{3766A60E-A6A7-6122-950F-CC2604F90909}.Release|Any CPU.ActiveCfg = Release|Any CPU
		{3766A60E-A6A7-6122-950F-CC2604F90909}.Release|Any CPU.Build.0 = Release|Any CPU
		{B82A42EC-92DB-FE2B-EBCE-8AA3D368B72C}.Debug|Any CPU.ActiveCfg = Debug|Any CPU
		{B82A42EC-92DB-FE2B-EBCE-8AA3D368B72C}.Debug|Any CPU.Build.0 = Debug|Any CPU
		{B82A42EC-92DB-FE2B-EBCE-8AA3D368B72C}.Release|Any CPU.ActiveCfg = Release|Any CPU
		{B82A42EC-92DB-FE2B-EBCE-8AA3D368B72C}.Release|Any CPU.Build.0 = Release|Any CPU
		{9B869BBC-1D98-840C-E55D-7670875DEDC1}.Debug|Any CPU.ActiveCfg = Debug|Any CPU
		{9B869BBC-1D98-840C-E55D-7670875DEDC1}.Debug|Any CPU.Build.0 = Debug|Any CPU
		{9B869BBC-1D98-840C-E55D-7670875DEDC1}.Release|Any CPU.ActiveCfg = Release|Any CPU
		{9B869BBC-1D98-840C-E55D-7670875DEDC1}.Release|Any CPU.Build.0 = Release|Any CPU
	EndGlobalSection
	GlobalSection(SolutionProperties) = preSolution
		HideSolutionNode = FALSE
	EndGlobalSection
EndGlobal
